// !$*UTF8*$!
{
	archiveVersion = 1;
	classes = {
	};
	objectVersion = 46;
	objects = {

/* Begin PBXBuildFile section */
		930B80681D064B6900C03A3F /* ShoppingCartCollectionViewController.m in Sources */ = {isa = PBXBuildFile; fileRef = 930B80671D064B6900C03A3F /* ShoppingCartCollectionViewController.m */; };
		930B806B1D064CCB00C03A3F /* ShoppingCartCollectionViewCell.m in Sources */ = {isa = PBXBuildFile; fileRef = 930B806A1D064CCB00C03A3F /* ShoppingCartCollectionViewCell.m */; };
		930B806E1D064D7E00C03A3F /* ShoppingCartModel.m in Sources */ = {isa = PBXBuildFile; fileRef = 930B806D1D064D7E00C03A3F /* ShoppingCartModel.m */; };
		930B80711D06515B00C03A3F /* ShoppingCartDataController.m in Sources */ = {isa = PBXBuildFile; fileRef = 930B80701D06515B00C03A3F /* ShoppingCartDataController.m */; };
		930B80741D0666DB00C03A3F /* CustomBarButtonItem.m in Sources */ = {isa = PBXBuildFile; fileRef = 930B80731D0666DB00C03A3F /* CustomBarButtonItem.m */; };
		935E499F1D027044006109B4 /* main.m in Sources */ = {isa = PBXBuildFile; fileRef = 935E499E1D027044006109B4 /* main.m */; };
		935E49A21D027044006109B4 /* AppDelegate.m in Sources */ = {isa = PBXBuildFile; fileRef = 935E49A11D027044006109B4 /* AppDelegate.m */; };
		935E49A51D027044006109B4 /* ViewController.m in Sources */ = {isa = PBXBuildFile; fileRef = 935E49A41D027044006109B4 /* ViewController.m */; };
		935E49A81D027044006109B4 /* Main.storyboard in Resources */ = {isa = PBXBuildFile; fileRef = 935E49A61D027044006109B4 /* Main.storyboard */; };
		935E49AA1D027044006109B4 /* Assets.xcassets in Resources */ = {isa = PBXBuildFile; fileRef = 935E49A91D027044006109B4 /* Assets.xcassets */; };
		935E49AD1D027044006109B4 /* LaunchScreen.storyboard in Resources */ = {isa = PBXBuildFile; fileRef = 935E49AB1D027044006109B4 /* LaunchScreen.storyboard */; };
		935E49B81D027044006109B4 /* DBFinalExpr1Tests.m in Sources */ = {isa = PBXBuildFile; fileRef = 935E49B71D027044006109B4 /* DBFinalExpr1Tests.m */; };
		935E49C31D027044006109B4 /* DBFinalExpr1UITests.m in Sources */ = {isa = PBXBuildFile; fileRef = 935E49C21D027044006109B4 /* DBFinalExpr1UITests.m */; };
		935E49D31D040422006109B4 /* GoodModel.m in Sources */ = {isa = PBXBuildFile; fileRef = 935E49D21D040422006109B4 /* GoodModel.m */; };
		935E49DA1D040721006109B4 /* GoodsCollectionViewController.m in Sources */ = {isa = PBXBuildFile; fileRef = 935E49D91D040721006109B4 /* GoodsCollectionViewController.m */; };
		9380AC1C1D07AE2600BD4F9D /* SellerGalleyCollectionViewController.m in Sources */ = {isa = PBXBuildFile; fileRef = 9380AC1B1D07AE2600BD4F9D /* SellerGalleyCollectionViewController.m */; };
		9380AC1F1D07B38200BD4F9D /* SellerGalleyCollectionViewCell.m in Sources */ = {isa = PBXBuildFile; fileRef = 9380AC1E1D07B38200BD4F9D /* SellerGalleyCollectionViewCell.m */; };
		9380AC221D07B45C00BD4F9D /* SellerEditViewController.m in Sources */ = {isa = PBXBuildFile; fileRef = 9380AC211D07B45C00BD4F9D /* SellerEditViewController.m */; };
		9380AC261D07C66300BD4F9D /* PurchaseLogCollectionViewController.m in Sources */ = {isa = PBXBuildFile; fileRef = 9380AC251D07C66300BD4F9D /* PurchaseLogCollectionViewController.m */; };
		9380AC291D07C72400BD4F9D /* PurchaseLogCollectionViewCell.m in Sources */ = {isa = PBXBuildFile; fileRef = 9380AC281D07C72400BD4F9D /* PurchaseLogCollectionViewCell.m */; };
		93C67A4D1D050E5300E01E25 /* LoginViewController.m in Sources */ = {isa = PBXBuildFile; fileRef = 93C67A4C1D050E5300E01E25 /* LoginViewController.m */; };
		93C67A531D0514DE00E01E25 /* UserHelper.m in Sources */ = {isa = PBXBuildFile; fileRef = 93C67A521D0514DE00E01E25 /* UserHelper.m */; };
		93C67A5B1D05338000E01E25 /* CCommon.m in Sources */ = {isa = PBXBuildFile; fileRef = 93C67A591D05338000E01E25 /* CCommon.m */; };
		93E35A621D041DEB00C91482 /* GoodsCollectionViewCell.m in Sources */ = {isa = PBXBuildFile; fileRef = 93E35A611D041DEB00C91482 /* GoodsCollectionViewCell.m */; };
		ECBA5D519408036CF2113C73 /* libPods.a in Frameworks */ = {isa = PBXBuildFile; fileRef = C9FFB56F274216B95CAC3370 /* libPods.a */; };
/* End PBXBuildFile section */

/* Begin PBXContainerItemProxy section */
		935E49B41D027044006109B4 /* PBXContainerItemProxy */ = {
			isa = PBXContainerItemProxy;
			containerPortal = 935E49921D027044006109B4 /* Project object */;
			proxyType = 1;
			remoteGlobalIDString = 935E49991D027044006109B4;
			remoteInfo = DBFinalExpr1;
		};
		935E49BF1D027044006109B4 /* PBXContainerItemProxy */ = {
			isa = PBXContainerItemProxy;
			containerPortal = 935E49921D027044006109B4 /* Project object */;
			proxyType = 1;
			remoteGlobalIDString = 935E49991D027044006109B4;
			remoteInfo = DBFinalExpr1;
		};
/* End PBXContainerItemProxy section */

/* Begin PBXFileReference section */
		0FB8DEC7A5C2D2750E61D9BF /* Pods.release.xcconfig */ = {isa = PBXFileReference; includeInIndex = 1; lastKnownFileType = text.xcconfig; name = Pods.release.xcconfig; path = "Pods/Target Support Files/Pods/Pods.release.xcconfig"; sourceTree = "<group>"; };
		930B80661D064B6900C03A3F /* ShoppingCartCollectionViewController.h */ = {isa = PBXFileReference; fileEncoding = 4; lastKnownFileType = sourcecode.c.h; path = ShoppingCartCollectionViewController.h; sourceTree = "<group>"; };
		930B80671D064B6900C03A3F /* ShoppingCartCollectionViewController.m */ = {isa = PBXFileReference; fileEncoding = 4; lastKnownFileType = sourcecode.c.objc; path = ShoppingCartCollectionViewController.m; sourceTree = "<group>"; };
		930B80691D064CCB00C03A3F /* ShoppingCartCollectionViewCell.h */ = {isa = PBXFileReference; fileEncoding = 4; lastKnownFileType = sourcecode.c.h; path = ShoppingCartCollectionViewCell.h; sourceTree = "<group>"; };
		930B806A1D064CCB00C03A3F /* ShoppingCartCollectionViewCell.m */ = {isa = PBXFileReference; fileEncoding = 4; lastKnownFileType = sourcecode.c.objc; path = ShoppingCartCollectionViewCell.m; sourceTree = "<group>"; };
		930B806C1D064D7E00C03A3F /* ShoppingCartModel.h */ = {isa = PBXFileReference; fileEncoding = 4; lastKnownFileType = sourcecode.c.h; path = ShoppingCartModel.h; sourceTree = "<group>"; };
		930B806D1D064D7E00C03A3F /* ShoppingCartModel.m */ = {isa = PBXFileReference; fileEncoding = 4; lastKnownFileType = sourcecode.c.objc; path = ShoppingCartModel.m; sourceTree = "<group>"; };
		930B806F1D06515B00C03A3F /* ShoppingCartDataController.h */ = {isa = PBXFileReference; fileEncoding = 4; lastKnownFileType = sourcecode.c.h; path = ShoppingCartDataController.h; sourceTree = "<group>"; };
		930B80701D06515B00C03A3F /* ShoppingCartDataController.m */ = {isa = PBXFileReference; fileEncoding = 4; lastKnownFileType = sourcecode.c.objc; path = ShoppingCartDataController.m; sourceTree = "<group>"; };
		930B80721D0666DB00C03A3F /* CustomBarButtonItem.h */ = {isa = PBXFileReference; fileEncoding = 4; lastKnownFileType = sourcecode.c.h; path = CustomBarButtonItem.h; sourceTree = "<group>"; };
		930B80731D0666DB00C03A3F /* CustomBarButtonItem.m */ = {isa = PBXFileReference; fileEncoding = 4; lastKnownFileType = sourcecode.c.objc; path = CustomBarButtonItem.m; sourceTree = "<group>"; };
		935E499A1D027044006109B4 /* DBFinalExpr1.app */ = {isa = PBXFileReference; explicitFileType = wrapper.application; includeInIndex = 0; path = DBFinalExpr1.app; sourceTree = BUILT_PRODUCTS_DIR; };
		935E499E1D027044006109B4 /* main.m */ = {isa = PBXFileReference; lastKnownFileType = sourcecode.c.objc; path = main.m; sourceTree = "<group>"; };
		935E49A01D027044006109B4 /* AppDelegate.h */ = {isa = PBXFileReference; lastKnownFileType = sourcecode.c.h; path = AppDelegate.h; sourceTree = "<group>"; };
		935E49A11D027044006109B4 /* AppDelegate.m */ = {isa = PBXFileReference; lastKnownFileType = sourcecode.c.objc; path = AppDelegate.m; sourceTree = "<group>"; };
		935E49A31D027044006109B4 /* ViewController.h */ = {isa = PBXFileReference; lastKnownFileType = sourcecode.c.h; path = ViewController.h; sourceTree = "<group>"; };
		935E49A41D027044006109B4 /* ViewController.m */ = {isa = PBXFileReference; lastKnownFileType = sourcecode.c.objc; path = ViewController.m; sourceTree = "<group>"; };
		935E49A71D027044006109B4 /* Base */ = {isa = PBXFileReference; lastKnownFileType = file.storyboard; name = Base; path = Base.lproj/Main.storyboard; sourceTree = "<group>"; };
		935E49A91D027044006109B4 /* Assets.xcassets */ = {isa = PBXFileReference; lastKnownFileType = folder.assetcatalog; path = Assets.xcassets; sourceTree = "<group>"; };
		935E49AC1D027044006109B4 /* Base */ = {isa = PBXFileReference; lastKnownFileType = file.storyboard; name = Base; path = Base.lproj/LaunchScreen.storyboard; sourceTree = "<group>"; };
		935E49AE1D027044006109B4 /* Info.plist */ = {isa = PBXFileReference; lastKnownFileType = text.plist.xml; path = Info.plist; sourceTree = "<group>"; };
		935E49B31D027044006109B4 /* DBFinalExpr1Tests.xctest */ = {isa = PBXFileReference; explicitFileType = wrapper.cfbundle; includeInIndex = 0; path = DBFinalExpr1Tests.xctest; sourceTree = BUILT_PRODUCTS_DIR; };
		935E49B71D027044006109B4 /* DBFinalExpr1Tests.m */ = {isa = PBXFileReference; lastKnownFileType = sourcecode.c.objc; path = DBFinalExpr1Tests.m; sourceTree = "<group>"; };
		935E49B91D027044006109B4 /* Info.plist */ = {isa = PBXFileReference; lastKnownFileType = text.plist.xml; path = Info.plist; sourceTree = "<group>"; };
		935E49BE1D027044006109B4 /* DBFinalExpr1UITests.xctest */ = {isa = PBXFileReference; explicitFileType = wrapper.cfbundle; includeInIndex = 0; path = DBFinalExpr1UITests.xctest; sourceTree = BUILT_PRODUCTS_DIR; };
		935E49C21D027044006109B4 /* DBFinalExpr1UITests.m */ = {isa = PBXFileReference; lastKnownFileType = sourcecode.c.objc; path = DBFinalExpr1UITests.m; sourceTree = "<group>"; };
		935E49C41D027044006109B4 /* Info.plist */ = {isa = PBXFileReference; lastKnownFileType = text.plist.xml; path = Info.plist; sourceTree = "<group>"; };
		935E49D11D040422006109B4 /* GoodModel.h */ = {isa = PBXFileReference; fileEncoding = 4; lastKnownFileType = sourcecode.c.h; path = GoodModel.h; sourceTree = "<group>"; };
		935E49D21D040422006109B4 /* GoodModel.m */ = {isa = PBXFileReference; fileEncoding = 4; lastKnownFileType = sourcecode.c.objc; path = GoodModel.m; sourceTree = "<group>"; };
		935E49D41D0404FA006109B4 /* ParseHeader.h */ = {isa = PBXFileReference; lastKnownFileType = sourcecode.c.h; path = ParseHeader.h; sourceTree = "<group>"; };
		935E49D81D040721006109B4 /* GoodsCollectionViewController.h */ = {isa = PBXFileReference; fileEncoding = 4; lastKnownFileType = sourcecode.c.h; path = GoodsCollectionViewController.h; sourceTree = "<group>"; };
		935E49D91D040721006109B4 /* GoodsCollectionViewController.m */ = {isa = PBXFileReference; fileEncoding = 4; lastKnownFileType = sourcecode.c.objc; path = GoodsCollectionViewController.m; sourceTree = "<group>"; };
		9380AC1A1D07AE2600BD4F9D /* SellerGalleyCollectionViewController.h */ = {isa = PBXFileReference; fileEncoding = 4; lastKnownFileType = sourcecode.c.h; path = SellerGalleyCollectionViewController.h; sourceTree = "<group>"; };
		9380AC1B1D07AE2600BD4F9D /* SellerGalleyCollectionViewController.m */ = {isa = PBXFileReference; fileEncoding = 4; lastKnownFileType = sourcecode.c.objc; path = SellerGalleyCollectionViewController.m; sourceTree = "<group>"; };
		9380AC1D1D07B38200BD4F9D /* SellerGalleyCollectionViewCell.h */ = {isa = PBXFileReference; fileEncoding = 4; lastKnownFileType = sourcecode.c.h; path = SellerGalleyCollectionViewCell.h; sourceTree = "<group>"; };
		9380AC1E1D07B38200BD4F9D /* SellerGalleyCollectionViewCell.m */ = {isa = PBXFileReference; fileEncoding = 4; lastKnownFileType = sourcecode.c.objc; path = SellerGalleyCollectionViewCell.m; sourceTree = "<group>"; };
		9380AC201D07B45C00BD4F9D /* SellerEditViewController.h */ = {isa = PBXFileReference; fileEncoding = 4; lastKnownFileType = sourcecode.c.h; path = SellerEditViewController.h; sourceTree = "<group>"; };
		9380AC211D07B45C00BD4F9D /* SellerEditViewController.m */ = {isa = PBXFileReference; fileEncoding = 4; lastKnownFileType = sourcecode.c.objc; path = SellerEditViewController.m; sourceTree = "<group>"; };
		9380AC241D07C66300BD4F9D /* PurchaseLogCollectionViewController.h */ = {isa = PBXFileReference; fileEncoding = 4; lastKnownFileType = sourcecode.c.h; path = PurchaseLogCollectionViewController.h; sourceTree = "<group>"; };
		9380AC251D07C66300BD4F9D /* PurchaseLogCollectionViewController.m */ = {isa = PBXFileReference; fileEncoding = 4; lastKnownFileType = sourcecode.c.objc; path = PurchaseLogCollectionViewController.m; sourceTree = "<group>"; };
		9380AC271D07C72400BD4F9D /* PurchaseLogCollectionViewCell.h */ = {isa = PBXFileReference; fileEncoding = 4; lastKnownFileType = sourcecode.c.h; path = PurchaseLogCollectionViewCell.h; sourceTree = "<group>"; };
		9380AC281D07C72400BD4F9D /* PurchaseLogCollectionViewCell.m */ = {isa = PBXFileReference; fileEncoding = 4; lastKnownFileType = sourcecode.c.objc; path = PurchaseLogCollectionViewCell.m; sourceTree = "<group>"; };
		93C67A4B1D050E5300E01E25 /* LoginViewController.h */ = {isa = PBXFileReference; fileEncoding = 4; lastKnownFileType = sourcecode.c.h; path = LoginViewController.h; sourceTree = "<group>"; };
		93C67A4C1D050E5300E01E25 /* LoginViewController.m */ = {isa = PBXFileReference; fileEncoding = 4; lastKnownFileType = sourcecode.c.objc; path = LoginViewController.m; sourceTree = "<group>"; };
		93C67A511D0514DE00E01E25 /* UserHelper.h */ = {isa = PBXFileReference; fileEncoding = 4; lastKnownFileType = sourcecode.c.h; path = UserHelper.h; sourceTree = "<group>"; };
		93C67A521D0514DE00E01E25 /* UserHelper.m */ = {isa = PBXFileReference; fileEncoding = 4; lastKnownFileType = sourcecode.c.objc; path = UserHelper.m; sourceTree = "<group>"; };
		93C67A591D05338000E01E25 /* CCommon.m */ = {isa = PBXFileReference; fileEncoding = 4; lastKnownFileType = sourcecode.c.objc; path = CCommon.m; sourceTree = "<group>"; };
		93C67A5A1D05338000E01E25 /* CCommon.h */ = {isa = PBXFileReference; fileEncoding = 4; lastKnownFileType = sourcecode.c.h; path = CCommon.h; sourceTree = "<group>"; };
		93E35A601D041DEB00C91482 /* GoodsCollectionViewCell.h */ = {isa = PBXFileReference; fileEncoding = 4; lastKnownFileType = sourcecode.c.h; path = GoodsCollectionViewCell.h; sourceTree = "<group>"; };
		93E35A611D041DEB00C91482 /* GoodsCollectionViewCell.m */ = {isa = PBXFileReference; fileEncoding = 4; lastKnownFileType = sourcecode.c.objc; path = GoodsCollectionViewCell.m; sourceTree = "<group>"; };
		C9FFB56F274216B95CAC3370 /* libPods.a */ = {isa = PBXFileReference; explicitFileType = archive.ar; includeInIndex = 0; path = libPods.a; sourceTree = BUILT_PRODUCTS_DIR; };
		F2FD5B5A9E3A0684E93BB226 /* Pods.debug.xcconfig */ = {isa = PBXFileReference; includeInIndex = 1; lastKnownFileType = text.xcconfig; name = Pods.debug.xcconfig; path = "Pods/Target Support Files/Pods/Pods.debug.xcconfig"; sourceTree = "<group>"; };
/* End PBXFileReference section */

/* Begin PBXFrameworksBuildPhase section */
		935E49971D027044006109B4 /* Frameworks */ = {
			isa = PBXFrameworksBuildPhase;
			buildActionMask = 2147483647;
			files = (
				ECBA5D519408036CF2113C73 /* libPods.a in Frameworks */,
			);
			runOnlyForDeploymentPostprocessing = 0;
		};
		935E49B01D027044006109B4 /* Frameworks */ = {
			isa = PBXFrameworksBuildPhase;
			buildActionMask = 2147483647;
			files = (
			);
			runOnlyForDeploymentPostprocessing = 0;
		};
		935E49BB1D027044006109B4 /* Frameworks */ = {
			isa = PBXFrameworksBuildPhase;
			buildActionMask = 2147483647;
			files = (
			);
			runOnlyForDeploymentPostprocessing = 0;
		};
/* End PBXFrameworksBuildPhase section */

/* Begin PBXGroup section */
		893627B630546C430EC90AA4 /* Frameworks */ = {
			isa = PBXGroup;
			children = (
				C9FFB56F274216B95CAC3370 /* libPods.a */,
			);
			name = Frameworks;
			sourceTree = "<group>";
		};
		930B80651D064B3600C03A3F /* ShoppingCart */ = {
			isa = PBXGroup;
			children = (
				930B80661D064B6900C03A3F /* ShoppingCartCollectionViewController.h */,
				930B80671D064B6900C03A3F /* ShoppingCartCollectionViewController.m */,
				930B806C1D064D7E00C03A3F /* ShoppingCartModel.h */,
				930B806D1D064D7E00C03A3F /* ShoppingCartModel.m */,
				930B80691D064CCB00C03A3F /* ShoppingCartCollectionViewCell.h */,
				930B806A1D064CCB00C03A3F /* ShoppingCartCollectionViewCell.m */,
				930B806F1D06515B00C03A3F /* ShoppingCartDataController.h */,
				930B80701D06515B00C03A3F /* ShoppingCartDataController.m */,
			);
			name = ShoppingCart;
			sourceTree = "<group>";
		};
		930B80751D0666E300C03A3F /* CustomBarButtonItem */ = {
			isa = PBXGroup;
			children = (
				930B80721D0666DB00C03A3F /* CustomBarButtonItem.h */,
				930B80731D0666DB00C03A3F /* CustomBarButtonItem.m */,
			);
			name = CustomBarButtonItem;
			sourceTree = "<group>";
		};
		935E49911D027044006109B4 = {
			isa = PBXGroup;
			children = (
				935E499C1D027044006109B4 /* DBFinalExpr1 */,
				935E49B61D027044006109B4 /* DBFinalExpr1Tests */,
				935E49C11D027044006109B4 /* DBFinalExpr1UITests */,
				935E499B1D027044006109B4 /* Products */,
				ED8DB8C2E1F38570659BAF10 /* Pods */,
				893627B630546C430EC90AA4 /* Frameworks */,
			);
			sourceTree = "<group>";
		};
		935E499B1D027044006109B4 /* Products */ = {
			isa = PBXGroup;
			children = (
				935E499A1D027044006109B4 /* DBFinalExpr1.app */,
				935E49B31D027044006109B4 /* DBFinalExpr1Tests.xctest */,
				935E49BE1D027044006109B4 /* DBFinalExpr1UITests.xctest */,
			);
			name = Products;
			sourceTree = "<group>";
		};
		935E499C1D027044006109B4 /* DBFinalExpr1 */ = {
			isa = PBXGroup;
			children = (
				9380AC231D07C64700BD4F9D /* PurchaseLog */,
				9380AC191D07ADD200BD4F9D /* Seller */,
				930B80751D0666E300C03A3F /* CustomBarButtonItem */,
				930B80651D064B3600C03A3F /* ShoppingCart */,
				93C67A581D05336B00E01E25 /* Utils */,
				93C67A501D0514CC00E01E25 /* User */,
				93C67A4A1D050E3C00E01E25 /* Login */,
				935E49D01D0403F4006109B4 /* Goods */,
				935E49A01D027044006109B4 /* AppDelegate.h */,
				935E49A11D027044006109B4 /* AppDelegate.m */,
				935E49A31D027044006109B4 /* ViewController.h */,
				935E49A41D027044006109B4 /* ViewController.m */,
				935E49D41D0404FA006109B4 /* ParseHeader.h */,
				935E49A61D027044006109B4 /* Main.storyboard */,
				935E49A91D027044006109B4 /* Assets.xcassets */,
				935E49AB1D027044006109B4 /* LaunchScreen.storyboard */,
				935E49AE1D027044006109B4 /* Info.plist */,
				935E499D1D027044006109B4 /* Supporting Files */,
			);
			path = DBFinalExpr1;
			sourceTree = "<group>";
		};
		935E499D1D027044006109B4 /* Supporting Files */ = {
			isa = PBXGroup;
			children = (
				935E499E1D027044006109B4 /* main.m */,
			);
			name = "Supporting Files";
			sourceTree = "<group>";
		};
		935E49B61D027044006109B4 /* DBFinalExpr1Tests */ = {
			isa = PBXGroup;
			children = (
				935E49B71D027044006109B4 /* DBFinalExpr1Tests.m */,
				935E49B91D027044006109B4 /* Info.plist */,
			);
			path = DBFinalExpr1Tests;
			sourceTree = "<group>";
		};
		935E49C11D027044006109B4 /* DBFinalExpr1UITests */ = {
			isa = PBXGroup;
			children = (
				935E49C21D027044006109B4 /* DBFinalExpr1UITests.m */,
				935E49C41D027044006109B4 /* Info.plist */,
			);
			path = DBFinalExpr1UITests;
			sourceTree = "<group>";
		};
		935E49D01D0403F4006109B4 /* Goods */ = {
			isa = PBXGroup;
			children = (
				935E49D11D040422006109B4 /* GoodModel.h */,
				935E49D21D040422006109B4 /* GoodModel.m */,
				935E49D81D040721006109B4 /* GoodsCollectionViewController.h */,
				935E49D91D040721006109B4 /* GoodsCollectionViewController.m */,
				93E35A601D041DEB00C91482 /* GoodsCollectionViewCell.h */,
				93E35A611D041DEB00C91482 /* GoodsCollectionViewCell.m */,
			);
			name = Goods;
			sourceTree = "<group>";
		};
		9380AC191D07ADD200BD4F9D /* Seller */ = {
			isa = PBXGroup;
			children = (
				9380AC1A1D07AE2600BD4F9D /* SellerGalleyCollectionViewController.h */,
				9380AC1B1D07AE2600BD4F9D /* SellerGalleyCollectionViewController.m */,
				9380AC201D07B45C00BD4F9D /* SellerEditViewController.h */,
				9380AC211D07B45C00BD4F9D /* SellerEditViewController.m */,
				9380AC1D1D07B38200BD4F9D /* SellerGalleyCollectionViewCell.h */,
				9380AC1E1D07B38200BD4F9D /* SellerGalleyCollectionViewCell.m */,
			);
			name = Seller;
			sourceTree = "<group>";
		};
		9380AC231D07C64700BD4F9D /* PurchaseLog */ = {
			isa = PBXGroup;
			children = (
				9380AC241D07C66300BD4F9D /* PurchaseLogCollectionViewController.h */,
				9380AC251D07C66300BD4F9D /* PurchaseLogCollectionViewController.m */,
				9380AC271D07C72400BD4F9D /* PurchaseLogCollectionViewCell.h */,
				9380AC281D07C72400BD4F9D /* PurchaseLogCollectionViewCell.m */,
			);
			name = PurchaseLog;
			sourceTree = "<group>";
		};
		93C67A4A1D050E3C00E01E25 /* Login */ = {
			isa = PBXGroup;
			children = (
				93C67A4B1D050E5300E01E25 /* LoginViewController.h */,
				93C67A4C1D050E5300E01E25 /* LoginViewController.m */,
			);
			name = Login;
			sourceTree = "<group>";
		};
		93C67A501D0514CC00E01E25 /* User */ = {
			isa = PBXGroup;
			children = (
				93C67A511D0514DE00E01E25 /* UserHelper.h */,
				93C67A521D0514DE00E01E25 /* UserHelper.m */,
			);
			name = User;
			sourceTree = "<group>";
		};
		93C67A581D05336B00E01E25 /* Utils */ = {
			isa = PBXGroup;
			children = (
				93C67A5A1D05338000E01E25 /* CCommon.h */,
				93C67A591D05338000E01E25 /* CCommon.m */,
			);
			name = Utils;
			sourceTree = "<group>";
		};
		ED8DB8C2E1F38570659BAF10 /* Pods */ = {
			isa = PBXGroup;
			children = (
				F2FD5B5A9E3A0684E93BB226 /* Pods.debug.xcconfig */,
				0FB8DEC7A5C2D2750E61D9BF /* Pods.release.xcconfig */,
			);
			name = Pods;
			sourceTree = "<group>";
		};
/* End PBXGroup section */

/* Begin PBXNativeTarget section */
		935E49991D027044006109B4 /* DBFinalExpr1 */ = {
			isa = PBXNativeTarget;
			buildConfigurationList = 935E49C71D027044006109B4 /* Build configuration list for PBXNativeTarget "DBFinalExpr1" */;
			buildPhases = (
				22C42759D31BBBB355910B21 /* Check Pods Manifest.lock */,
				935E49961D027044006109B4 /* Sources */,
				935E49971D027044006109B4 /* Frameworks */,
				935E49981D027044006109B4 /* Resources */,
				4CEAE0C63CA2F18DC53458E8 /* Embed Pods Frameworks */,
				45B5D3EDA47BEA5F9249642F /* Copy Pods Resources */,
			);
			buildRules = (
			);
			dependencies = (
			);
			name = DBFinalExpr1;
			productName = DBFinalExpr1;
			productReference = 935E499A1D027044006109B4 /* DBFinalExpr1.app */;
			productType = "com.apple.product-type.application";
		};
		935E49B21D027044006109B4 /* DBFinalExpr1Tests */ = {
			isa = PBXNativeTarget;
			buildConfigurationList = 935E49CA1D027044006109B4 /* Build configuration list for PBXNativeTarget "DBFinalExpr1Tests" */;
			buildPhases = (
				935E49AF1D027044006109B4 /* Sources */,
				935E49B01D027044006109B4 /* Frameworks */,
				935E49B11D027044006109B4 /* Resources */,
			);
			buildRules = (
			);
			dependencies = (
				935E49B51D027044006109B4 /* PBXTargetDependency */,
			);
			name = DBFinalExpr1Tests;
			productName = DBFinalExpr1Tests;
			productReference = 935E49B31D027044006109B4 /* DBFinalExpr1Tests.xctest */;
			productType = "com.apple.product-type.bundle.unit-test";
		};
		935E49BD1D027044006109B4 /* DBFinalExpr1UITests */ = {
			isa = PBXNativeTarget;
			buildConfigurationList = 935E49CD1D027044006109B4 /* Build configuration list for PBXNativeTarget "DBFinalExpr1UITests" */;
			buildPhases = (
				935E49BA1D027044006109B4 /* Sources */,
				935E49BB1D027044006109B4 /* Frameworks */,
				935E49BC1D027044006109B4 /* Resources */,
			);
			buildRules = (
			);
			dependencies = (
				935E49C01D027044006109B4 /* PBXTargetDependency */,
			);
			name = DBFinalExpr1UITests;
			productName = DBFinalExpr1UITests;
			productReference = 935E49BE1D027044006109B4 /* DBFinalExpr1UITests.xctest */;
			productType = "com.apple.product-type.bundle.ui-testing";
		};
/* End PBXNativeTarget section */

/* Begin PBXProject section */
		935E49921D027044006109B4 /* Project object */ = {
			isa = PBXProject;
			attributes = {
				LastUpgradeCheck = 0730;
				ORGANIZATIONNAME = "万延";
				TargetAttributes = {
					935E49991D027044006109B4 = {
						CreatedOnToolsVersion = 7.3.1;
					};
					935E49B21D027044006109B4 = {
						CreatedOnToolsVersion = 7.3.1;
						TestTargetID = 935E49991D027044006109B4;
					};
					935E49BD1D027044006109B4 = {
						CreatedOnToolsVersion = 7.3.1;
						TestTargetID = 935E49991D027044006109B4;
					};
				};
			};
			buildConfigurationList = 935E49951D027044006109B4 /* Build configuration list for PBXProject "DBFinalExpr1" */;
			compatibilityVersion = "Xcode 3.2";
			developmentRegion = English;
			hasScannedForEncodings = 0;
			knownRegions = (
				en,
				Base,
			);
			mainGroup = 935E49911D027044006109B4;
			productRefGroup = 935E499B1D027044006109B4 /* Products */;
			projectDirPath = "";
			projectRoot = "";
			targets = (
				935E49991D027044006109B4 /* DBFinalExpr1 */,
				935E49B21D027044006109B4 /* DBFinalExpr1Tests */,
				935E49BD1D027044006109B4 /* DBFinalExpr1UITests */,
			);
		};
/* End PBXProject section */

/* Begin PBXResourcesBuildPhase section */
		935E49981D027044006109B4 /* Resources */ = {
			isa = PBXResourcesBuildPhase;
			buildActionMask = 2147483647;
			files = (
				935E49AD1D027044006109B4 /* LaunchScreen.storyboard in Resources */,
				935E49AA1D027044006109B4 /* Assets.xcassets in Resources */,
				935E49A81D027044006109B4 /* Main.storyboard in Resources */,
			);
			runOnlyForDeploymentPostprocessing = 0;
		};
		935E49B11D027044006109B4 /* Resources */ = {
			isa = PBXResourcesBuildPhase;
			buildActionMask = 2147483647;
			files = (
			);
			runOnlyForDeploymentPostprocessing = 0;
		};
		935E49BC1D027044006109B4 /* Resources */ = {
			isa = PBXResourcesBuildPhase;
			buildActionMask = 2147483647;
			files = (
			);
			runOnlyForDeploymentPostprocessing = 0;
		};
/* End PBXResourcesBuildPhase section */

/* Begin PBXShellScriptBuildPhase section */
		22C42759D31BBBB355910B21 /* Check Pods Manifest.lock */ = {
			isa = PBXShellScriptBuildPhase;
			buildActionMask = 2147483647;
			files = (
			);
			inputPaths = (
			);
			name = "Check Pods Manifest.lock";
			outputPaths = (
			);
			runOnlyForDeploymentPostprocessing = 0;
			shellPath = /bin/sh;
			shellScript = "diff \"${PODS_ROOT}/../Podfile.lock\" \"${PODS_ROOT}/Manifest.lock\" > /dev/null\nif [[ $? != 0 ]] ; then\n    cat << EOM\nerror: The sandbox is not in sync with the Podfile.lock. Run 'pod install' or update your CocoaPods installation.\nEOM\n    exit 1\nfi\n";
			showEnvVarsInLog = 0;
		};
		45B5D3EDA47BEA5F9249642F /* Copy Pods Resources */ = {
			isa = PBXShellScriptBuildPhase;
			buildActionMask = 2147483647;
			files = (
			);
			inputPaths = (
			);
			name = "Copy Pods Resources";
			outputPaths = (
			);
			runOnlyForDeploymentPostprocessing = 0;
			shellPath = /bin/sh;
			shellScript = "\"${SRCROOT}/Pods/Target Support Files/Pods/Pods-resources.sh\"\n";
			showEnvVarsInLog = 0;
		};
		4CEAE0C63CA2F18DC53458E8 /* Embed Pods Frameworks */ = {
			isa = PBXShellScriptBuildPhase;
			buildActionMask = 2147483647;
			files = (
			);
			inputPaths = (
			);
			name = "Embed Pods Frameworks";
			outputPaths = (
			);
			runOnlyForDeploymentPostprocessing = 0;
			shellPath = /bin/sh;
			shellScript = "\"${SRCROOT}/Pods/Target Support Files/Pods/Pods-frameworks.sh\"\n";
			showEnvVarsInLog = 0;
		};
/* End PBXShellScriptBuildPhase section */

/* Begin PBXSourcesBuildPhase section */
		935E49961D027044006109B4 /* Sources */ = {
			isa = PBXSourcesBuildPhase;
			buildActionMask = 2147483647;
			files = (
				9380AC1C1D07AE2600BD4F9D /* SellerGalleyCollectionViewController.m in Sources */,
				935E49D31D040422006109B4 /* GoodModel.m in Sources */,
				9380AC291D07C72400BD4F9D /* PurchaseLogCollectionViewCell.m in Sources */,
				930B806E1D064D7E00C03A3F /* ShoppingCartModel.m in Sources */,
				930B80711D06515B00C03A3F /* ShoppingCartDataController.m in Sources */,
				935E49A51D027044006109B4 /* ViewController.m in Sources */,
				935E49A21D027044006109B4 /* AppDelegate.m in Sources */,
				93C67A5B1D05338000E01E25 /* CCommon.m in Sources */,
				930B806B1D064CCB00C03A3F /* ShoppingCartCollectionViewCell.m in Sources */,
				9380AC261D07C66300BD4F9D /* PurchaseLogCollectionViewController.m in Sources */,
				935E49DA1D040721006109B4 /* GoodsCollectionViewController.m in Sources */,
				93C67A4D1D050E5300E01E25 /* LoginViewController.m in Sources */,
				930B80681D064B6900C03A3F /* ShoppingCartCollectionViewController.m in Sources */,
				935E499F1D027044006109B4 /* main.m in Sources */,
				93C67A531D0514DE00E01E25 /* UserHelper.m in Sources */,
				93E35A621D041DEB00C91482 /* GoodsCollectionViewCell.m in Sources */,
				9380AC221D07B45C00BD4F9D /* SellerEditViewController.m in Sources */,
				9380AC1F1D07B38200BD4F9D /* SellerGalleyCollectionViewCell.m in Sources */,
				930B80741D0666DB00C03A3F /* CustomBarButtonItem.m in Sources */,
			);
			runOnlyForDeploymentPostprocessing = 0;
		};
		935E49AF1D027044006109B4 /* Sources */ = {
			isa = PBXSourcesBuildPhase;
			buildActionMask = 2147483647;
			files = (
				935E49B81D027044006109B4 /* DBFinalExpr1Tests.m in Sources */,
			);
			runOnlyForDeploymentPostprocessing = 0;
		};
		935E49BA1D027044006109B4 /* Sources */ = {
			isa = PBXSourcesBuildPhase;
			buildActionMask = 2147483647;
			files = (
				935E49C31D027044006109B4 /* DBFinalExpr1UITests.m in Sources */,
			);
			runOnlyForDeploymentPostprocessing = 0;
		};
/* End PBXSourcesBuildPhase section */

/* Begin PBXTargetDependency section */
		935E49B51D027044006109B4 /* PBXTargetDependency */ = {
			isa = PBXTargetDependency;
			target = 935E49991D027044006109B4 /* DBFinalExpr1 */;
			targetProxy = 935E49B41D027044006109B4 /* PBXContainerItemProxy */;
		};
		935E49C01D027044006109B4 /* PBXTargetDependency */ = {
			isa = PBXTargetDependency;
			target = 935E49991D027044006109B4 /* DBFinalExpr1 */;
			targetProxy = 935E49BF1D027044006109B4 /* PBXContainerItemProxy */;
		};
/* End PBXTargetDependency section */

/* Begin PBXVariantGroup section */
		935E49A61D027044006109B4 /* Main.storyboard */ = {
			isa = PBXVariantGroup;
			children = (
				935E49A71D027044006109B4 /* Base */,
			);
			name = Main.storyboard;
			sourceTree = "<group>";
		};
		935E49AB1D027044006109B4 /* LaunchScreen.storyboard */ = {
			isa = PBXVariantGroup;
			children = (
				935E49AC1D027044006109B4 /* Base */,
			);
			name = LaunchScreen.storyboard;
			sourceTree = "<group>";
		};
/* End PBXVariantGroup section */

/* Begin XCBuildConfiguration section */
		935E49C51D027044006109B4 /* Debug */ = {
			isa = XCBuildConfiguration;
			buildSettings = {
				ALWAYS_SEARCH_USER_PATHS = NO;
				CLANG_ANALYZER_NONNULL = YES;
				CLANG_CXX_LANGUAGE_STANDARD = "gnu++0x";
				CLANG_CXX_LIBRARY = "libc++";
				CLANG_ENABLE_MODULES = YES;
				CLANG_ENABLE_OBJC_ARC = YES;
				CLANG_WARN_BOOL_CONVERSION = YES;
				CLANG_WARN_CONSTANT_CONVERSION = YES;
				CLANG_WARN_DIRECT_OBJC_ISA_USAGE = YES_ERROR;
				CLANG_WARN_EMPTY_BODY = YES;
				CLANG_WARN_ENUM_CONVERSION = YES;
				CLANG_WARN_INT_CONVERSION = YES;
				CLANG_WARN_OBJC_ROOT_CLASS = YES_ERROR;
				CLANG_WARN_UNREACHABLE_CODE = YES;
				CLANG_WARN__DUPLICATE_METHOD_MATCH = YES;
				"CODE_SIGN_IDENTITY[sdk=iphoneos*]" = "iPhone Developer";
				COPY_PHASE_STRIP = NO;
				DEBUG_INFORMATION_FORMAT = dwarf;
				ENABLE_STRICT_OBJC_MSGSEND = YES;
				ENABLE_TESTABILITY = YES;
				GCC_C_LANGUAGE_STANDARD = gnu99;
				GCC_DYNAMIC_NO_PIC = NO;
				GCC_NO_COMMON_BLOCKS = YES;
				GCC_OPTIMIZATION_LEVEL = 0;
				GCC_PREPROCESSOR_DEFINITIONS = (
					"DEBUG=1",
					"$(inherited)",
				);
				GCC_WARN_64_TO_32_BIT_CONVERSION = YES;
				GCC_WARN_ABOUT_RETURN_TYPE = YES_ERROR;
				GCC_WARN_UNDECLARED_SELECTOR = YES;
				GCC_WARN_UNINITIALIZED_AUTOS = YES_AGGRESSIVE;
				GCC_WARN_UNUSED_FUNCTION = YES;
				GCC_WARN_UNUSED_VARIABLE = YES;
				IPHONEOS_DEPLOYMENT_TARGET = 9.3;
				MTL_ENABLE_DEBUG_INFO = YES;
				ONLY_ACTIVE_ARCH = YES;
				SDKROOT = iphoneos;
				TARGETED_DEVICE_FAMILY = "1,2";
			};
			name = Debug;
		};
		935E49C61D027044006109B4 /* Release */ = {
			isa = XCBuildConfiguration;
			buildSettings = {
				ALWAYS_SEARCH_USER_PATHS = NO;
				CLANG_ANALYZER_NONNULL = YES;
				CLANG_CXX_LANGUAGE_STANDARD = "gnu++0x";
				CLANG_CXX_LIBRARY = "libc++";
				CLANG_ENABLE_MODULES = YES;
				CLANG_ENABLE_OBJC_ARC = YES;
				CLANG_WARN_BOOL_CONVERSION = YES;
				CLANG_WARN_CONSTANT_CONVERSION = YES;
				CLANG_WARN_DIRECT_OBJC_ISA_USAGE = YES_ERROR;
				CLANG_WARN_EMPTY_BODY = YES;
				CLANG_WARN_ENUM_CONVERSION = YES;
				CLANG_WARN_INT_CONVERSION = YES;
				CLANG_WARN_OBJC_ROOT_CLASS = YES_ERROR;
				CLANG_WARN_UNREACHABLE_CODE = YES;
				CLANG_WARN__DUPLICATE_METHOD_MATCH = YES;
				"CODE_SIGN_IDENTITY[sdk=iphoneos*]" = "iPhone Developer";
				COPY_PHASE_STRIP = NO;
				DEBUG_INFORMATION_FORMAT = "dwarf-with-dsym";
				ENABLE_NS_ASSERTIONS = NO;
				ENABLE_STRICT_OBJC_MSGSEND = YES;
				GCC_C_LANGUAGE_STANDARD = gnu99;
				GCC_NO_COMMON_BLOCKS = YES;
				GCC_WARN_64_TO_32_BIT_CONVERSION = YES;
				GCC_WARN_ABOUT_RETURN_TYPE = YES_ERROR;
				GCC_WARN_UNDECLARED_SELECTOR = YES;
				GCC_WARN_UNINITIALIZED_AUTOS = YES_AGGRESSIVE;
				GCC_WARN_UNUSED_FUNCTION = YES;
				GCC_WARN_UNUSED_VARIABLE = YES;
				IPHONEOS_DEPLOYMENT_TARGET = 9.3;
				MTL_ENABLE_DEBUG_INFO = NO;
				SDKROOT = iphoneos;
				TARGETED_DEVICE_FAMILY = "1,2";
				VALIDATE_PRODUCT = YES;
			};
			name = Release;
		};
		935E49C81D027044006109B4 /* Debug */ = {
			isa = XCBuildConfiguration;
			baseConfigurationReference = F2FD5B5A9E3A0684E93BB226 /* Pods.debug.xcconfig */;
			buildSettings = {
				ASSETCATALOG_COMPILER_APPICON_NAME = AppIcon;
				INFOPLIST_FILE = DBFinalExpr1/Info.plist;
				LD_RUNPATH_SEARCH_PATHS = "$(inherited) @executable_path/Frameworks";
				PRODUCT_BUNDLE_IDENTIFIER = pinssible.com.DBFinalExpr1;
				PRODUCT_NAME = "$(TARGET_NAME)";
			};
			name = Debug;
		};
		935E49C91D027044006109B4 /* Release */ = {
			isa = XCBuildConfiguration;
			baseConfigurationReference = 0FB8DEC7A5C2D2750E61D9BF /* Pods.release.xcconfig */;
			buildSettings = {
				ASSETCATALOG_COMPILER_APPICON_NAME = AppIcon;
				INFOPLIST_FILE = DBFinalExpr1/Info.plist;
				LD_RUNPATH_SEARCH_PATHS = "$(inherited) @executable_path/Frameworks";
				PRODUCT_BUNDLE_IDENTIFIER = pinssible.com.DBFinalExpr1;
				PRODUCT_NAME = "$(TARGET_NAME)";
			};
			name = Release;
		};
		935E49CB1D027044006109B4 /* Debug */ = {
			isa = XCBuildConfiguration;
			buildSettings = {
				BUNDLE_LOADER = "$(TEST_HOST)";
				INFOPLIST_FILE = DBFinalExpr1Tests/Info.plist;
				LD_RUNPATH_SEARCH_PATHS = "$(inherited) @executable_path/Frameworks @loader_path/Frameworks";
				PRODUCT_BUNDLE_IDENTIFIER = pinssible.com.DBFinalExpr1Tests;
				PRODUCT_NAME = "$(TARGET_NAME)";
				TEST_HOST = "$(BUILT_PRODUCTS_DIR)/DBFinalExpr1.app/DBFinalExpr1";
			};
			name = Debug;
		};
		935E49CC1D027044006109B4 /* Release */ = {
			isa = XCBuildConfiguration;
			buildSettings = {
				BUNDLE_LOADER = "$(TEST_HOST)";
				INFOPLIST_FILE = DBFinalExpr1Tests/Info.plist;
				LD_RUNPATH_SEARCH_PATHS = "$(inherited) @executable_path/Frameworks @loader_path/Frameworks";
				PRODUCT_BUNDLE_IDENTIFIER = pinssible.com.DBFinalExpr1Tests;
				PRODUCT_NAME = "$(TARGET_NAME)";
				TEST_HOST = "$(BUILT_PRODUCTS_DIR)/DBFinalExpr1.app/DBFinalExpr1";
			};
			name = Release;
		};
		935E49CE1D027044006109B4 /* Debug */ = {
			isa = XCBuildConfiguration;
			buildSettings = {
				INFOPLIST_FILE = DBFinalExpr1UITests/Info.plist;
				LD_RUNPATH_SEARCH_PATHS = "$(inherited) @executable_path/Frameworks @loader_path/Frameworks";
				PRODUCT_BUNDLE_IDENTIFIER = pinssible.com.DBFinalExpr1UITests;
				PRODUCT_NAME = "$(TARGET_NAME)";
				TEST_TARGET_NAME = DBFinalExpr1;
			};
			name = Debug;
		};
		935E49CF1D027044006109B4 /* Release */ = {
			isa = XCBuildConfiguration;
			buildSettings = {
				INFOPLIST_FILE = DBFinalExpr1UITests/Info.plist;
				LD_RUNPATH_SEARCH_PATHS = "$(inherited) @executable_path/Frameworks @loader_path/Frameworks";
				PRODUCT_BUNDLE_IDENTIFIER = pinssible.com.DBFinalExpr1UITests;
				PRODUCT_NAME = "$(TARGET_NAME)";
				TEST_TARGET_NAME = DBFinalExpr1;
			};
			name = Release;
		};
/* End XCBuildConfiguration section */

/* Begin XCConfigurationList section */
		935E49951D027044006109B4 /* Build configuration list for PBXProject "DBFinalExpr1" */ = {
			isa = XCConfigurationList;
			buildConfigurations = (
				935E49C51D027044006109B4 /* Debug */,
				935E49C61D027044006109B4 /* Release */,
			);
			defaultConfigurationIsVisible = 0;
			defaultConfigurationName = Release;
		};
		935E49C71D027044006109B4 /* Build configuration list for PBXNativeTarget "DBFinalExpr1" */ = {
			isa = XCConfigurationList;
			buildConfigurations = (
				935E49C81D027044006109B4 /* Debug */,
				935E49C91D027044006109B4 /* Release */,
			);
			defaultConfigurationIsVisible = 0;
			defaultConfigurationName = Release;
		};
		935E49CA1D027044006109B4 /* Build configuration list for PBXNativeTarget "DBFinalExpr1Tests" */ = {
			isa = XCConfigurationList;
			buildConfigurations = (
				935E49CB1D027044006109B4 /* Debug */,
				935E49CC1D027044006109B4 /* Release */,
			);
			defaultConfigurationIsVisible = 0;
			defaultConfigurationName = Release;
		};
		935E49CD1D027044006109B4 /* Build configuration list for PBXNativeTarget "DBFinalExpr1UITests" */ = {
			isa = XCConfigurationList;
			buildConfigurations = (
				935E49CE1D027044006109B4 /* Debug */,
				935E49CF1D027044006109B4 /* Release */,
			);
			defaultConfigurationIsVisible = 0;
			defaultConfigurationName = Release;
		};
/* End XCConfigurationList section */
	};
	rootObject = 935E49921D027044006109B4 /* Project object */;
}
